
Microsoft Visual Studio Solution File, Format Version 12.00
# Visual Studio 15
VisualStudioVersion = 15.0.28010.2003
MinimumVisualStudioVersion = 10.0.40219.1
Project("{9A19103F-16F7-4668-BE54-9A1E7A4F7556}") = "SignalRCounterStream", "CounterStream\SignalRCounterStream.csproj", "{17F5D713-7C1C-4FC4-95EA-3C16663D2521}"
EndProject
Global
	GlobalSection(SolutionConfigurationPlatforms) = preSolution
		Debug|Any CPU = Debug|Any CPU
		Release|Any CPU = Release|Any CPU
	EndGlobalSection
	GlobalSection(ProjectConfigurationPlatforms) = postSolution
		{17F5D713-7C1C-4FC4-95EA-3C16663D2521}.Debug|Any CPU.ActiveCfg = Debug|Any CPU
		{17F5D713-7C1C-4FC4-95EA-3C16663D2521}.Debug|Any CPU.Build.0 = Debug|Any CPU
		{17F5D713-7C1C-4FC4-95EA-3C16663D2521}.Release|Any CPU.ActiveCfg = Release|Any CPU
		{17F5D713-7C1C-4FC4-95EA-3C16663D2521}.Release|Any CPU.Build.0 = Release|Any CPU
	EndGlobalSection
	GlobalSection(SolutionProperties) = preSolution
		HideSolutionNode = FALSE
	EndGlobalSection
	GlobalSection(ExtensibilityGlobals) = postSolution
		SolutionGuid = {03EFD8B4-9C58-4A71-AABD-DF2FA21476CC}
	EndGlobalSection
EndGlobal
